
Microsoft Visual Studio Solution File, Format Version 12.00
# Visual Studio 15
VisualStudioVersion = 15.0.26228.92
MinimumVisualStudioVersion = 10.0.40219.1
Project("{FAE04EC0-301F-11D3-BF4B-00C04F79EFBC}") = "PROYECTO_GCAMACHO", "PROYECTO_GCAMACHO\PROYECTO_GCAMACHO.csproj", "{D262EB9E-E16B-42A7-9497-9C612D3A695C}"
EndProject
Global
	GlobalSection(SolutionConfigurationPlatforms) = preSolution
		Debug|Any CPU = Debug|Any CPU
		Release|Any CPU = Release|Any CPU
	EndGlobalSection
	GlobalSection(ProjectConfigurationPlatforms) = postSolution
		{D262EB9E-E16B-42A7-9497-9C612D3A695C}.Debug|Any CPU.ActiveCfg = Debug|Any CPU
		{D262EB9E-E16B-42A7-9497-9C612D3A695C}.Debug|Any CPU.Build.0 = Debug|Any CPU
		{D262EB9E-E16B-42A7-9497-9C612D3A695C}.Release|Any CPU.ActiveCfg = Release|Any CPU
		{D262EB9E-E16B-42A7-9497-9C612D3A695C}.Release|Any CPU.Build.0 = Release|Any CPU
	EndGlobalSection
	GlobalSection(SolutionProperties) = preSolution
		HideSolutionNode = FALSE
	EndGlobalSection
EndGlobal
